
Microsoft Visual Studio Solution File, Format Version 12.00
# Visual Studio Version 17
VisualStudioVersion = 17.1.32210.238
MinimumVisualStudioVersion = 10.0.40219.1
Project("{FAE04EC0-301F-11D3-BF4B-00C04F79EFBC}") = "FiltrandoBusca", "FiltrandoBusca.csproj", "{EB323696-C45F-4AEF-A973-68618AE8BBE6}"
EndProject
Global
	GlobalSection(SolutionConfigurationPlatforms) = preSolution
		Debug|Any CPU = Debug|Any CPU
		Release|Any CPU = Release|Any CPU
	EndGlobalSection
	GlobalSection(ProjectConfigurationPlatforms) = postSolution
		{EB323696-C45F-4AEF-A973-68618AE8BBE6}.Debug|Any CPU.ActiveCfg = Debug|Any CPU
		{EB323696-C45F-4AEF-A973-68618AE8BBE6}.Debug|Any CPU.Build.0 = Debug|Any CPU
		{EB323696-C45F-4AEF-A973-68618AE8BBE6}.Release|Any CPU.ActiveCfg = Release|Any CPU
		{EB323696-C45F-4AEF-A973-68618AE8BBE6}.Release|Any CPU.Build.0 = Release|Any CPU
	EndGlobalSection
	GlobalSection(SolutionProperties) = preSolution
		HideSolutionNode = FALSE
	EndGlobalSection
	GlobalSection(ExtensibilityGlobals) = postSolution
		SolutionGuid = {C6F876A5-7205-4ADE-9737-17B04470C29C}
	EndGlobalSection
EndGlobal
