
Microsoft Visual Studio Solution File, Format Version 12.00
# Visual Studio Version 17
VisualStudioVersion = 17.1.32210.238
MinimumVisualStudioVersion = 10.0.40219.1
Project("{FAE04EC0-301F-11D3-BF4B-00C04F79EFBC}") = "ControleAcesso", "ControleAcesso.csproj", "{58D33E94-2E02-43A0-B1CC-6DB0665DEC0C}"
EndProject
Global
	GlobalSection(SolutionConfigurationPlatforms) = preSolution
		Debug|Any CPU = Debug|Any CPU
		Release|Any CPU = Release|Any CPU
	EndGlobalSection
	GlobalSection(ProjectConfigurationPlatforms) = postSolution
		{58D33E94-2E02-43A0-B1CC-6DB0665DEC0C}.Debug|Any CPU.ActiveCfg = Debug|Any CPU
		{58D33E94-2E02-43A0-B1CC-6DB0665DEC0C}.Debug|Any CPU.Build.0 = Debug|Any CPU
		{58D33E94-2E02-43A0-B1CC-6DB0665DEC0C}.Release|Any CPU.ActiveCfg = Release|Any CPU
		{58D33E94-2E02-43A0-B1CC-6DB0665DEC0C}.Release|Any CPU.Build.0 = Release|Any CPU
	EndGlobalSection
	GlobalSection(SolutionProperties) = preSolution
		HideSolutionNode = FALSE
	EndGlobalSection
	GlobalSection(ExtensibilityGlobals) = postSolution
		SolutionGuid = {FCD06BB8-5DEB-441A-9513-ED85DE7283C2}
	EndGlobalSection
EndGlobal
