
Microsoft Visual Studio Solution File, Format Version 12.00
# Visual Studio Version 17
VisualStudioVersion = 17.1.32210.238
MinimumVisualStudioVersion = 10.0.40219.1
Project("{FAE04EC0-301F-11D3-BF4B-00C04F79EFBC}") = "ControleMatriculas", "ControleMatriculas.csproj", "{AFEF1D7A-F02C-4DA2-961A-E5B3936EEDCD}"
EndProject
Global
	GlobalSection(SolutionConfigurationPlatforms) = preSolution
		Debug|Any CPU = Debug|Any CPU
		Release|Any CPU = Release|Any CPU
	EndGlobalSection
	GlobalSection(ProjectConfigurationPlatforms) = postSolution
		{AFEF1D7A-F02C-4DA2-961A-E5B3936EEDCD}.Debug|Any CPU.ActiveCfg = Debug|Any CPU
		{AFEF1D7A-F02C-4DA2-961A-E5B3936EEDCD}.Debug|Any CPU.Build.0 = Debug|Any CPU
		{AFEF1D7A-F02C-4DA2-961A-E5B3936EEDCD}.Release|Any CPU.ActiveCfg = Release|Any CPU
		{AFEF1D7A-F02C-4DA2-961A-E5B3936EEDCD}.Release|Any CPU.Build.0 = Release|Any CPU
	EndGlobalSection
	GlobalSection(SolutionProperties) = preSolution
		HideSolutionNode = FALSE
	EndGlobalSection
	GlobalSection(ExtensibilityGlobals) = postSolution
		SolutionGuid = {F3A44AF2-B586-4910-BB42-A69FFC24BDEA}
	EndGlobalSection
EndGlobal
