
Microsoft Visual Studio Solution File, Format Version 12.00
# Visual Studio Version 17
VisualStudioVersion = 17.1.32210.238
MinimumVisualStudioVersion = 10.0.40219.1
Project("{FAE04EC0-301F-11D3-BF4B-00C04F79EFBC}") = "Empresa", "Empresa.csproj", "{7662FB25-2B9C-432B-A356-E92FDFBAFFA7}"
EndProject
Global
	GlobalSection(SolutionConfigurationPlatforms) = preSolution
		Debug|Any CPU = Debug|Any CPU
		Release|Any CPU = Release|Any CPU
	EndGlobalSection
	GlobalSection(ProjectConfigurationPlatforms) = postSolution
		{7662FB25-2B9C-432B-A356-E92FDFBAFFA7}.Debug|Any CPU.ActiveCfg = Debug|Any CPU
		{7662FB25-2B9C-432B-A356-E92FDFBAFFA7}.Debug|Any CPU.Build.0 = Debug|Any CPU
		{7662FB25-2B9C-432B-A356-E92FDFBAFFA7}.Release|Any CPU.ActiveCfg = Release|Any CPU
		{7662FB25-2B9C-432B-A356-E92FDFBAFFA7}.Release|Any CPU.Build.0 = Release|Any CPU
	EndGlobalSection
	GlobalSection(SolutionProperties) = preSolution
		HideSolutionNode = FALSE
	EndGlobalSection
	GlobalSection(ExtensibilityGlobals) = postSolution
		SolutionGuid = {3494A169-4E09-4A2A-82D9-7AA8602DE892}
	EndGlobalSection
EndGlobal
